// !$*UTF8*$!
{
	archiveVersion = 1;
	classes = {
	};
	objectVersion = 46;
	objects = {

/* Begin PBXBuildFile section */
		06B3891F19E89450001DF6D6 /* main.m in Sources */ = {isa = PBXBuildFile; fileRef = 06B3891E19E89450001DF6D6 /* main.m */; };
		06B3892219E89450001DF6D6 /* AppDelegate.m in Sources */ = {isa = PBXBuildFile; fileRef = 06B3892119E89450001DF6D6 /* AppDelegate.m */; };
		06B3892519E89450001DF6D6 /* ViewController.m in Sources */ = {isa = PBXBuildFile; fileRef = 06B3892419E89450001DF6D6 /* ViewController.m */; };
		06B3892819E89450001DF6D6 /* Main.storyboard in Resources */ = {isa = PBXBuildFile; fileRef = 06B3892619E89450001DF6D6 /* Main.storyboard */; };
		06B3892A19E89450001DF6D6 /* Images.xcassets in Resources */ = {isa = PBXBuildFile; fileRef = 06B3892919E89450001DF6D6 /* Images.xcassets */; };
		06B3892D19E89450001DF6D6 /* LaunchScreen.xib in Resources */ = {isa = PBXBuildFile; fileRef = 06B3892B19E89450001DF6D6 /* LaunchScreen.xib */; };
		06B3893919E89450001DF6D6 /* tableview_learn1Tests.m in Sources */ = {isa = PBXBuildFile; fileRef = 06B3893819E89450001DF6D6 /* tableview_learn1Tests.m */; };
/* End PBXBuildFile section */

/* Begin PBXContainerItemProxy section */
		06B3893319E89450001DF6D6 /* PBXContainerItemProxy */ = {
			isa = PBXContainerItemProxy;
			containerPortal = 06B3891119E8944F001DF6D6 /* Project object */;
			proxyType = 1;
			remoteGlobalIDString = 06B3891819E89450001DF6D6;
			remoteInfo = "tableview-learn1";
		};
/* End PBXContainerItemProxy section */

/* Begin PBXFileReference section */
		06B3891919E89450001DF6D6 /* tableview-learn1.app */ = {isa = PBXFileReference; explicitFileType = wrapper.application; includeInIndex = 0; path = "tableview-learn1.app"; sourceTree = BUILT_PRODUCTS_DIR; };
		06B3891D19E89450001DF6D6 /* Info.plist */ = {isa = PBXFileReference; lastKnownFileType = text.plist.xml; path = Info.plist; sourceTree = "<group>"; };
		06B3891E19E89450001DF6D6 /* main.m */ = {isa = PBXFileReference; lastKnownFileType = sourcecode.c.objc; path = main.m; sourceTree = "<group>"; };
		06B3892019E89450001DF6D6 /* AppDelegate.h */ = {isa = PBXFileReference; lastKnownFileType = sourcecode.c.h; path = AppDelegate.h; sourceTree = "<group>"; };
		06B3892119E89450001DF6D6 /* AppDelegate.m */ = {isa = PBXFileReference; lastKnownFileType = sourcecode.c.objc; path = AppDelegate.m; sourceTree = "<group>"; };
		06B3892319E89450001DF6D6 /* ViewController.h */ = {isa = PBXFileReference; lastKnownFileType = sourcecode.c.h; path = ViewController.h; sourceTree = "<group>"; };
		06B3892419E89450001DF6D6 /* ViewController.m */ = {isa = PBXFileReference; lastKnownFileType = sourcecode.c.objc; path = ViewController.m; sourceTree = "<group>"; };
		06B3892719E89450001DF6D6 /* Base */ = {isa = PBXFileReference; lastKnownFileType = file.storyboard; name = Base; path = Base.lproj/Main.storyboard; sourceTree = "<group>"; };
		06B3892919E89450001DF6D6 /* Images.xcassets */ = {isa = PBXFileReference; lastKnownFileType = folder.assetcatalog; path = Images.xcassets; sourceTree = "<group>"; };
		06B3892C19E89450001DF6D6 /* Base */ = {isa = PBXFileReference; lastKnownFileType = file.xib; name = Base; path = Base.lproj/LaunchScreen.xib; sourceTree = "<group>"; };
		06B3893219E89450001DF6D6 /* tableview-learn1Tests.xctest */ = {isa = PBXFileReference; explicitFileType = wrapper.cfbundle; includeInIndex = 0; path = "tableview-learn1Tests.xctest"; sourceTree = BUILT_PRODUCTS_DIR; };
		06B3893719E89450001DF6D6 /* Info.plist */ = {isa = PBXFileReference; lastKnownFileType = text.plist.xml; path = Info.plist; sourceTree = "<group>"; };
		06B3893819E89450001DF6D6 /* tableview_learn1Tests.m */ = {isa = PBXFileReference; lastKnownFileType = sourcecode.c.objc; path = tableview_learn1Tests.m; sourceTree = "<group>"; };
/* End PBXFileReference section */

/* Begin PBXFrameworksBuildPhase section */
		06B3891619E89450001DF6D6 /* Frameworks */ = {
			isa = PBXFrameworksBuildPhase;
			buildActionMask = 2147483647;
			files = (
			);
			runOnlyForDeploymentPostprocessing = 0;
		};
		06B3892F19E89450001DF6D6 /* Frameworks */ = {
			isa = PBXFrameworksBuildPhase;
			buildActionMask = 2147483647;
			files = (
			);
			runOnlyForDeploymentPostprocessing = 0;
		};
/* End PBXFrameworksBuildPhase section */

/* Begin PBXGroup section */
		06B3891019E8944F001DF6D6 = {
			isa = PBXGroup;
			children = (
				06B3891B19E89450001DF6D6 /* tableview-learn1 */,
				06B3893519E89450001DF6D6 /* tableview-learn1Tests */,
				06B3891A19E89450001DF6D6 /* Products */,
			);
			sourceTree = "<group>";
		};
		06B3891A19E89450001DF6D6 /* Products */ = {
			isa = PBXGroup;
			children = (
				06B3891919E89450001DF6D6 /* tableview-learn1.app */,
				06B3893219E89450001DF6D6 /* tableview-learn1Tests.xctest */,
			);
			name = Products;
			sourceTree = "<group>";
		};
		06B3891B19E89450001DF6D6 /* tableview-learn1 */ = {
			isa = PBXGroup;
			children = (
				06B3892019E89450001DF6D6 /* AppDelegate.h */,
				06B3892119E89450001DF6D6 /* AppDelegate.m */,
				06B3892319E89450001DF6D6 /* ViewController.h */,
				06B3892419E89450001DF6D6 /* ViewController.m */,
				06B3892619E89450001DF6D6 /* Main.storyboard */,
				06B3892919E89450001DF6D6 /* Images.xcassets */,
				06B3892B19E89450001DF6D6 /* LaunchScreen.xib */,
				06B3891C19E89450001DF6D6 /* Supporting Files */,
			);
			path = "tableview-learn1";
			sourceTree = "<group>";
		};
		06B3891C19E89450001DF6D6 /* Supporting Files */ = {
			isa = PBXGroup;
			children = (
				06B3891D19E89450001DF6D6 /* Info.plist */,
				06B3891E19E89450001DF6D6 /* main.m */,
			);
			name = "Supporting Files";
			sourceTree = "<group>";
		};
		06B3893519E89450001DF6D6 /* tableview-learn1Tests */ = {
			isa = PBXGroup;
			children = (
				06B3893819E89450001DF6D6 /* tableview_learn1Tests.m */,
				06B3893619E89450001DF6D6 /* Supporting Files */,
			);
			path = "tableview-learn1Tests";
			sourceTree = "<group>";
		};
		06B3893619E89450001DF6D6 /* Supporting Files */ = {
			isa = PBXGroup;
			children = (
				06B3893719E89450001DF6D6 /* Info.plist */,
			);
			name = "Supporting Files";
			sourceTree = "<group>";
		};
/* End PBXGroup section */

/* Begin PBXNativeTarget section */
		06B3891819E89450001DF6D6 /* tableview-learn1 */ = {
			isa = PBXNativeTarget;
			buildConfigurationList = 06B3893C19E89450001DF6D6 /* Build configuration list for PBXNativeTarget "tableview-learn1" */;
			buildPhases = (
				06B3891519E89450001DF6D6 /* Sources */,
				06B3891619E89450001DF6D6 /* Frameworks */,
				06B3891719E89450001DF6D6 /* Resources */,
			);
			buildRules = (
			);
			dependencies = (
			);
			name = "tableview-learn1";
			productName = "tableview-learn1";
			productReference = 06B3891919E89450001DF6D6 /* tableview-learn1.app */;
			productType = "com.apple.product-type.application";
		};
		06B3893119E89450001DF6D6 /* tableview-learn1Tests */ = {
			isa = PBXNativeTarget;
			buildConfigurationList = 06B3893F19E89450001DF6D6 /* Build configuration list for PBXNativeTarget "tableview-learn1Tests" */;
			buildPhases = (
				06B3892E19E89450001DF6D6 /* Sources */,
				06B3892F19E89450001DF6D6 /* Frameworks */,
				06B3893019E89450001DF6D6 /* Resources */,
			);
			buildRules = (
			);
			dependencies = (
				06B3893419E89450001DF6D6 /* PBXTargetDependency */,
			);
			name = "tableview-learn1Tests";
			productName = "tableview-learn1Tests";
			productReference = 06B3893219E89450001DF6D6 /* tableview-learn1Tests.xctest */;
			productType = "com.apple.product-type.bundle.unit-test";
		};
/* End PBXNativeTarget section */

/* Begin PBXProject section */
		06B3891119E8944F001DF6D6 /* Project object */ = {
			isa = PBXProject;
			attributes = {
				LastUpgradeCheck = 0600;
				ORGANIZATIONNAME = "Mukunda Haveri";
				TargetAttributes = {
					06B3891819E89450001DF6D6 = {
						CreatedOnToolsVersion = 6.0.1;
					};
					06B3893119E89450001DF6D6 = {
						CreatedOnToolsVersion = 6.0.1;
						TestTargetID = 06B3891819E89450001DF6D6;
					};
				};
			};
			buildConfigurationList = 06B3891419E8944F001DF6D6 /* Build configuration list for PBXProject "tableview-learn1" */;
			compatibilityVersion = "Xcode 3.2";
			developmentRegion = English;
			hasScannedForEncodings = 0;
			knownRegions = (
				en,
				Base,
			);
			mainGroup = 06B3891019E8944F001DF6D6;
			productRefGroup = 06B3891A19E89450001DF6D6 /* Products */;
			projectDirPath = "";
			projectRoot = "";
			targets = (
				06B3891819E89450001DF6D6 /* tableview-learn1 */,
				06B3893119E89450001DF6D6 /* tableview-learn1Tests */,
			);
		};
/* End PBXProject section */

/* Begin PBXResourcesBuildPhase section */
		06B3891719E89450001DF6D6 /* Resources */ = {
			isa = PBXResourcesBuildPhase;
			buildActionMask = 2147483647;
			files = (
				06B3892819E89450001DF6D6 /* Main.storyboard in Resources */,
				06B3892D19E89450001DF6D6 /* LaunchScreen.xib in Resources */,
				06B3892A19E89450001DF6D6 /* Images.xcassets in Resources */,
			);
			runOnlyForDeploymentPostprocessing = 0;
		};
		06B3893019E89450001DF6D6 /* Resources */ = {
			isa = PBXResourcesBuildPhase;
			buildActionMask = 2147483647;
			files = (
			);
			runOnlyForDeploymentPostprocessing = 0;
		};
/* End PBXResourcesBuildPhase section */

/* Begin PBXSourcesBuildPhase section */
		06B3891519E89450001DF6D6 /* Sources */ = {
			isa = PBXSourcesBuildPhase;
			buildActionMask = 2147483647;
			files = (
				06B3892519E89450001DF6D6 /* ViewController.m in Sources */,
				06B3892219E89450001DF6D6 /* AppDelegate.m in Sources */,
				06B3891F19E89450001DF6D6 /* main.m in Sources */,
			);
			runOnlyForDeploymentPostprocessing = 0;
		};
		06B3892E19E89450001DF6D6 /* Sources */ = {
			isa = PBXSourcesBuildPhase;
			buildActionMask = 2147483647;
			files = (
				06B3893919E89450001DF6D6 /* tableview_learn1Tests.m in Sources */,
			);
			runOnlyForDeploymentPostprocessing = 0;
		};
/* End PBXSourcesBuildPhase section */

/* Begin PBXTargetDependency section */
		06B3893419E89450001DF6D6 /* PBXTargetDependency */ = {
			isa = PBXTargetDependency;
			target = 06B3891819E89450001DF6D6 /* tableview-learn1 */;
			targetProxy = 06B3893319E89450001DF6D6 /* PBXContainerItemProxy */;
		};
/* End PBXTargetDependency section */

/* Begin PBXVariantGroup section */
		06B3892619E89450001DF6D6 /* Main.storyboard */ = {
			isa = PBXVariantGroup;
			children = (
				06B3892719E89450001DF6D6 /* Base */,
			);
			name = Main.storyboard;
			sourceTree = "<group>";
		};
		06B3892B19E89450001DF6D6 /* LaunchScreen.xib */ = {
			isa = PBXVariantGroup;
			children = (
				06B3892C19E89450001DF6D6 /* Base */,
			);
			name = LaunchScreen.xib;
			sourceTree = "<group>";
		};
/* End PBXVariantGroup section */

/* Begin XCBuildConfiguration section */
		06B3893A19E89450001DF6D6 /* Debug */ = {
			isa = XCBuildConfiguration;
			buildSettings = {
				ALWAYS_SEARCH_USER_PATHS = NO;
				CLANG_CXX_LANGUAGE_STANDARD = "gnu++0x";
				CLANG_CXX_LIBRARY = "libc++";
				CLANG_ENABLE_MODULES = YES;
				CLANG_ENABLE_OBJC_ARC = YES;
				CLANG_WARN_BOOL_CONVERSION = YES;
				CLANG_WARN_CONSTANT_CONVERSION = YES;
				CLANG_WARN_DIRECT_OBJC_ISA_USAGE = YES_ERROR;
				CLANG_WARN_EMPTY_BODY = YES;
				CLANG_WARN_ENUM_CONVERSION = YES;
				CLANG_WARN_INT_CONVERSION = YES;
				CLANG_WARN_OBJC_ROOT_CLASS = YES_ERROR;
				CLANG_WARN_UNREACHABLE_CODE = YES;
				CLANG_WARN__DUPLICATE_METHOD_MATCH = YES;
				"CODE_SIGN_IDENTITY[sdk=iphoneos*]" = "iPhone Developer";
				COPY_PHASE_STRIP = NO;
				ENABLE_STRICT_OBJC_MSGSEND = YES;
				GCC_C_LANGUAGE_STANDARD = gnu99;
				GCC_DYNAMIC_NO_PIC = NO;
				GCC_OPTIMIZATION_LEVEL = 0;
				GCC_PREPROCESSOR_DEFINITIONS = (
					"DEBUG=1",
					"$(inherited)",
				);
				GCC_SYMBOLS_PRIVATE_EXTERN = NO;
				GCC_WARN_64_TO_32_BIT_CONVERSION = YES;
				GCC_WARN_ABOUT_RETURN_TYPE = YES_ERROR;
				GCC_WARN_UNDECLARED_SELECTOR = YES;
				GCC_WARN_UNINITIALIZED_AUTOS = YES_AGGRESSIVE;
				GCC_WARN_UNUSED_FUNCTION = YES;
				GCC_WARN_UNUSED_VARIABLE = YES;
				IPHONEOS_DEPLOYMENT_TARGET = 8.0;
				MTL_ENABLE_DEBUG_INFO = YES;
				ONLY_ACTIVE_ARCH = YES;
				SDKROOT = iphoneos;
				TARGETED_DEVICE_FAMILY = "1,2";
			};
			name = Debug;
		};
		06B3893B19E89450001DF6D6 /* Release */ = {
			isa = XCBuildConfiguration;
			buildSettings = {
				ALWAYS_SEARCH_USER_PATHS = NO;
				CLANG_CXX_LANGUAGE_STANDARD = "gnu++0x";
				CLANG_CXX_LIBRARY = "libc++";
				CLANG_ENABLE_MODULES = YES;
				CLANG_ENABLE_OBJC_ARC = YES;
				CLANG_WARN_BOOL_CONVERSION = YES;
				CLANG_WARN_CONSTANT_CONVERSION = YES;
				CLANG_WARN_DIRECT_OBJC_ISA_USAGE = YES_ERROR;
				CLANG_WARN_EMPTY_BODY = YES;
				CLANG_WARN_ENUM_CONVERSION = YES;
				CLANG_WARN_INT_CONVERSION = YES;
				CLANG_WARN_OBJC_ROOT_CLASS = YES_ERROR;
				CLANG_WARN_UNREACHABLE_CODE = YES;
				CLANG_WARN__DUPLICATE_METHOD_MATCH = YES;
				"CODE_SIGN_IDENTITY[sdk=iphoneos*]" = "iPhone Developer";
				COPY_PHASE_STRIP = YES;
				ENABLE_NS_ASSERTIONS = NO;
				ENABLE_STRICT_OBJC_MSGSEND = YES;
				GCC_C_LANGUAGE_STANDARD = gnu99;
				GCC_WARN_64_TO_32_BIT_CONVERSION = YES;
				GCC_WARN_ABOUT_RETURN_TYPE = YES_ERROR;
				GCC_WARN_UNDECLARED_SELECTOR = YES;
				GCC_WARN_UNINITIALIZED_AUTOS = YES_AGGRESSIVE;
				GCC_WARN_UNUSED_FUNCTION = YES;
				GCC_WARN_UNUSED_VARIABLE = YES;
				IPHONEOS_DEPLOYMENT_TARGET = 8.0;
				MTL_ENABLE_DEBUG_INFO = NO;
				SDKROOT = iphoneos;
				TARGETED_DEVICE_FAMILY = "1,2";
				VALIDATE_PRODUCT = YES;
			};
			name = Release;
		};
		06B3893D19E89450001DF6D6 /* Debug */ = {
			isa = XCBuildConfiguration;
			buildSettings = {
				ASSETCATALOG_COMPILER_APPICON_NAME = AppIcon;
				INFOPLIST_FILE = "tableview-learn1/Info.plist";
				LD_RUNPATH_SEARCH_PATHS = "$(inherited) @executable_path/Frameworks";
				PRODUCT_NAME = "$(TARGET_NAME)";
			};
			name = Debug;
		};
		06B3893E19E89450001DF6D6 /* Release */ = {
			isa = XCBuildConfiguration;
			buildSettings = {
				ASSETCATALOG_COMPILER_APPICON_NAME = AppIcon;
				INFOPLIST_FILE = "tableview-learn1/Info.plist";
				LD_RUNPATH_SEARCH_PATHS = "$(inherited) @executable_path/Frameworks";
				PRODUCT_NAME = "$(TARGET_NAME)";
			};
			name = Release;
		};
		06B3894019E89450001DF6D6 /* Debug */ = {
			isa = XCBuildConfiguration;
			buildSettings = {
				BUNDLE_LOADER = "$(TEST_HOST)";
				FRAMEWORK_SEARCH_PATHS = (
					"$(SDKROOT)/Developer/Library/Frameworks",
					"$(inherited)",
				);
				GCC_PREPROCESSOR_DEFINITIONS = (
					"DEBUG=1",
					"$(inherited)",
				);
				INFOPLIST_FILE = "tableview-learn1Tests/Info.plist";
				LD_RUNPATH_SEARCH_PATHS = "$(inherited) @executable_path/Frameworks @loader_path/Frameworks";
				PRODUCT_NAME = "$(TARGET_NAME)";
				TEST_HOST = "$(BUILT_PRODUCTS_DIR)/tableview-learn1.app/tableview-learn1";
			};
			name = Debug;
		};
		06B3894119E89450001DF6D6 /* Release */ = {
			isa = XCBuildConfiguration;
			buildSettings = {
				BUNDLE_LOADER = "$(TEST_HOST)";
				FRAMEWORK_SEARCH_PATHS = (
					"$(SDKROOT)/Developer/Library/Frameworks",
					"$(inherited)",
				);
				INFOPLIST_FILE = "tableview-learn1Tests/Info.plist";
				LD_RUNPATH_SEARCH_PATHS = "$(inherited) @executable_path/Frameworks @loader_path/Frameworks";
				PRODUCT_NAME = "$(TARGET_NAME)";
				TEST_HOST = "$(BUILT_PRODUCTS_DIR)/tableview-learn1.app/tableview-learn1";
			};
			name = Release;
		};
/* End XCBuildConfiguration section */

/* Begin XCConfigurationList section */
		06B3891419E8944F001DF6D6 /* Build configuration list for PBXProject "tableview-learn1" */ = {
			isa = XCConfigurationList;
			buildConfigurations = (
				06B3893A19E89450001DF6D6 /* Debug */,
				06B3893B19E89450001DF6D6 /* Release */,
			);
			defaultConfigurationIsVisible = 0;
			defaultConfigurationName = Release;
		};
		06B3893C19E89450001DF6D6 /* Build configuration list for PBXNativeTarget "tableview-learn1" */ = {
			isa = XCConfigurationList;
			buildConfigurations = (
				06B3893D19E89450001DF6D6 /* Debug */,
				06B3893E19E89450001DF6D6 /* Release */,
			);
			defaultConfigurationIsVisible = 0;
		};
		06B3893F19E89450001DF6D6 /* Build configuration list for PBXNativeTarget "tableview-learn1Tests" */ = {
			isa = XCConfigurationList;
			buildConfigurations = (
				06B3894019E89450001DF6D6 /* Debug */,
				06B3894119E89450001DF6D6 /* Release */,
			);
			defaultConfigurationIsVisible = 0;
		};
/* End XCConfigurationList section */
	};
	rootObject = 06B3891119E8944F001DF6D6 /* Project object */;
}
